
Microsoft Visual Studio Solution File, Format Version 12.00
# Visual Studio Version 17
VisualStudioVersion = 17.5.33516.290
MinimumVisualStudioVersion = 10.0.40219.1
Project("{9A19103F-16F7-4668-BE54-9A1E7A4F7556}") = "2.1 Festa", "2.1 Festa\2.1 Festa.csproj", "{2F531BB8-9ACD-493D-8E8A-7A8B2EBE7BB4}"
EndProject
Project("{9A19103F-16F7-4668-BE54-9A1E7A4F7556}") = "2.2 Menu", "2.2 Menu\2.2 Menu.csproj", "{13FDD6FC-7B33-4650-A9AD-78E66A7A6CBD}"
EndProject
Project("{FAE04EC0-301F-11D3-BF4B-00C04F79EFBC}") = "2.4 Grid", "2.4 Grid\2.4 Grid.csproj", "{79A04A5D-3F94-49CE-908A-51B00A8DCCF3}"
EndProject
Project("{FAE04EC0-301F-11D3-BF4B-00C04F79EFBC}") = "2.5 UI", "2.5 UI\2.5 UI.csproj", "{4499D7C6-6EFF-4850-B2A5-EF109581FCA7}"
EndProject
Project("{FAE04EC0-301F-11D3-BF4B-00C04F79EFBC}") = "2.6 DockUI", "2.6 DockUI\2.6 DockUI.csproj", "{DFB68DCE-A649-4B8D-99F3-5CC501EDB2AA}"
EndProject
Project("{FAE04EC0-301F-11D3-BF4B-00C04F79EFBC}") = "2.7 Esercizio Metro", "2.7 Esercizio Metro\2.7 Esercizio Metro.csproj", "{EE1D9AFA-F58E-48AC-A01F-1A5D0706AF9F}"
EndProject
Global
	GlobalSection(SolutionConfigurationPlatforms) = preSolution
		Debug|Any CPU = Debug|Any CPU
		Release|Any CPU = Release|Any CPU
	EndGlobalSection
	GlobalSection(ProjectConfigurationPlatforms) = postSolution
		{2F531BB8-9ACD-493D-8E8A-7A8B2EBE7BB4}.Debug|Any CPU.ActiveCfg = Debug|Any CPU
		{2F531BB8-9ACD-493D-8E8A-7A8B2EBE7BB4}.Debug|Any CPU.Build.0 = Debug|Any CPU
		{2F531BB8-9ACD-493D-8E8A-7A8B2EBE7BB4}.Release|Any CPU.ActiveCfg = Release|Any CPU
		{2F531BB8-9ACD-493D-8E8A-7A8B2EBE7BB4}.Release|Any CPU.Build.0 = Release|Any CPU
		{13FDD6FC-7B33-4650-A9AD-78E66A7A6CBD}.Debug|Any CPU.ActiveCfg = Debug|Any CPU
		{13FDD6FC-7B33-4650-A9AD-78E66A7A6CBD}.Debug|Any CPU.Build.0 = Debug|Any CPU
		{13FDD6FC-7B33-4650-A9AD-78E66A7A6CBD}.Release|Any CPU.ActiveCfg = Release|Any CPU
		{13FDD6FC-7B33-4650-A9AD-78E66A7A6CBD}.Release|Any CPU.Build.0 = Release|Any CPU
		{79A04A5D-3F94-49CE-908A-51B00A8DCCF3}.Debug|Any CPU.ActiveCfg = Debug|Any CPU
		{79A04A5D-3F94-49CE-908A-51B00A8DCCF3}.Debug|Any CPU.Build.0 = Debug|Any CPU
		{79A04A5D-3F94-49CE-908A-51B00A8DCCF3}.Release|Any CPU.ActiveCfg = Release|Any CPU
		{79A04A5D-3F94-49CE-908A-51B00A8DCCF3}.Release|Any CPU.Build.0 = Release|Any CPU
		{4499D7C6-6EFF-4850-B2A5-EF109581FCA7}.Debug|Any CPU.ActiveCfg = Debug|Any CPU
		{4499D7C6-6EFF-4850-B2A5-EF109581FCA7}.Debug|Any CPU.Build.0 = Debug|Any CPU
		{4499D7C6-6EFF-4850-B2A5-EF109581FCA7}.Release|Any CPU.ActiveCfg = Release|Any CPU
		{4499D7C6-6EFF-4850-B2A5-EF109581FCA7}.Release|Any CPU.Build.0 = Release|Any CPU
		{DFB68DCE-A649-4B8D-99F3-5CC501EDB2AA}.Debug|Any CPU.ActiveCfg = Debug|Any CPU
		{DFB68DCE-A649-4B8D-99F3-5CC501EDB2AA}.Debug|Any CPU.Build.0 = Debug|Any CPU
		{DFB68DCE-A649-4B8D-99F3-5CC501EDB2AA}.Release|Any CPU.ActiveCfg = Release|Any CPU
		{DFB68DCE-A649-4B8D-99F3-5CC501EDB2AA}.Release|Any CPU.Build.0 = Release|Any CPU
		{EE1D9AFA-F58E-48AC-A01F-1A5D0706AF9F}.Debug|Any CPU.ActiveCfg = Debug|Any CPU
		{EE1D9AFA-F58E-48AC-A01F-1A5D0706AF9F}.Debug|Any CPU.Build.0 = Debug|Any CPU
		{EE1D9AFA-F58E-48AC-A01F-1A5D0706AF9F}.Release|Any CPU.ActiveCfg = Release|Any CPU
		{EE1D9AFA-F58E-48AC-A01F-1A5D0706AF9F}.Release|Any CPU.Build.0 = Release|Any CPU
	EndGlobalSection
	GlobalSection(SolutionProperties) = preSolution
		HideSolutionNode = FALSE
	EndGlobalSection
	GlobalSection(ExtensibilityGlobals) = postSolution
		SolutionGuid = {C9346F05-0045-4B61-B17A-BFE5748B29AD}
	EndGlobalSection
EndGlobal
