
Microsoft Visual Studio Solution File, Format Version 12.00
# Visual Studio Version 17
VisualStudioVersion = 17.6.33723.286
MinimumVisualStudioVersion = 10.0.40219.1
Project("{FAE04EC0-301F-11D3-BF4B-00C04F79EFBC}") = "DockPanel", "DockPanel\DockPanel.csproj", "{23C2F385-50E1-4759-BD86-83AA6532C024}"
EndProject
Global
	GlobalSection(SolutionConfigurationPlatforms) = preSolution
		Debug|Any CPU = Debug|Any CPU
		Release|Any CPU = Release|Any CPU
	EndGlobalSection
	GlobalSection(ProjectConfigurationPlatforms) = postSolution
		{23C2F385-50E1-4759-BD86-83AA6532C024}.Debug|Any CPU.ActiveCfg = Debug|Any CPU
		{23C2F385-50E1-4759-BD86-83AA6532C024}.Debug|Any CPU.Build.0 = Debug|Any CPU
		{23C2F385-50E1-4759-BD86-83AA6532C024}.Release|Any CPU.ActiveCfg = Release|Any CPU
		{23C2F385-50E1-4759-BD86-83AA6532C024}.Release|Any CPU.Build.0 = Release|Any CPU
	EndGlobalSection
	GlobalSection(SolutionProperties) = preSolution
		HideSolutionNode = FALSE
	EndGlobalSection
	GlobalSection(ExtensibilityGlobals) = postSolution
		SolutionGuid = {FDA0CA59-5347-415B-9AC0-1EC3531B63E6}
	EndGlobalSection
EndGlobal
