
Microsoft Visual Studio Solution File, Format Version 12.00
# Visual Studio Version 17
VisualStudioVersion = 17.5.33516.290
MinimumVisualStudioVersion = 10.0.40219.1
Project("{9A19103F-16F7-4668-BE54-9A1E7A4F7556}") = "02 Scacchiera", "02 Scacchiera\02 Scacchiera.csproj", "{DA6C2F1A-DC86-4DEE-8F24-A2576373D026}"
EndProject
Project("{9A19103F-16F7-4668-BE54-9A1E7A4F7556}") = "03 Canvas", "1.3 Canvas\03 Canvas.csproj", "{0947815B-5602-40F7-8112-27A61FEF3509}"
EndProject
Project("{9A19103F-16F7-4668-BE54-9A1E7A4F7556}") = "04 Buttons", "04 Buttons\04 Buttons.csproj", "{8EC5EBDF-784A-4BD7-8B57-19617CCA40B7}"
EndProject
Project("{9A19103F-16F7-4668-BE54-9A1E7A4F7556}") = "05 Pila", "05 Pila\05 Pila.csproj", "{822F1D08-7368-4FF1-AA95-499D1366461C}"
EndProject
Project("{9A19103F-16F7-4668-BE54-9A1E7A4F7556}") = "06 Pila2", "06 Pila2\06 Pila2.csproj", "{65E33B9B-D81F-4135-A1F3-39F6FF194E63}"
EndProject
Project("{9A19103F-16F7-4668-BE54-9A1E7A4F7556}") = "07 Occupazione", "07 Occupazione\07 Occupazione.csproj", "{9053F1BD-BEB4-48C0-AFA3-D08E8773722A}"
EndProject
Project("{9A19103F-16F7-4668-BE54-9A1E7A4F7556}") = "08 EsempioFigure", "08 EsempioFigure\08 EsempioFigure.csproj", "{6B2E7645-C78E-4743-8F8D-1ACE0E7DC59B}"
EndProject
Project("{9A19103F-16F7-4668-BE54-9A1E7A4F7556}") = "1.8 Rettangoli", "1.8 Rettangoli\1.8 Rettangoli.csproj", "{BA0C388F-8062-4D74-90F0-B6C0EA5F02C6}"
EndProject
Project("{9A19103F-16F7-4668-BE54-9A1E7A4F7556}") = "1.9 Colori", "1.9 Colori\1.9 Colori.csproj", "{3ADCD140-B50B-48F5-BFDB-C53742517AAB}"
EndProject
Project("{9A19103F-16F7-4668-BE54-9A1E7A4F7556}") = "1.10 Trasformazioni", "1.10 Trasformazioni\1.10 Trasformazioni.csproj", "{E7071642-8060-4C01-8401-7A6E559B5E9F}"
EndProject
Project("{FAE04EC0-301F-11D3-BF4B-00C04F79EFBC}") = "12 Stile Implicito", "12 Stile Implicito\12 Stile Implicito.csproj", "{DEF87AA0-36B3-49D2-ABC8-6D7206503B79}"
EndProject
Project("{FAE04EC0-301F-11D3-BF4B-00C04F79EFBC}") = "13 Stile Esplicito", "13 Stile Esplicito\13 Stile Esplicito.csproj", "{61B5EE2C-98BC-4403-878A-EE97516F32DE}"
EndProject
Global
	GlobalSection(SolutionConfigurationPlatforms) = preSolution
		Debug|Any CPU = Debug|Any CPU
		Release|Any CPU = Release|Any CPU
	EndGlobalSection
	GlobalSection(ProjectConfigurationPlatforms) = postSolution
		{DA6C2F1A-DC86-4DEE-8F24-A2576373D026}.Debug|Any CPU.ActiveCfg = Debug|Any CPU
		{DA6C2F1A-DC86-4DEE-8F24-A2576373D026}.Debug|Any CPU.Build.0 = Debug|Any CPU
		{DA6C2F1A-DC86-4DEE-8F24-A2576373D026}.Release|Any CPU.ActiveCfg = Release|Any CPU
		{DA6C2F1A-DC86-4DEE-8F24-A2576373D026}.Release|Any CPU.Build.0 = Release|Any CPU
		{0947815B-5602-40F7-8112-27A61FEF3509}.Debug|Any CPU.ActiveCfg = Debug|Any CPU
		{0947815B-5602-40F7-8112-27A61FEF3509}.Debug|Any CPU.Build.0 = Debug|Any CPU
		{0947815B-5602-40F7-8112-27A61FEF3509}.Release|Any CPU.ActiveCfg = Release|Any CPU
		{0947815B-5602-40F7-8112-27A61FEF3509}.Release|Any CPU.Build.0 = Release|Any CPU
		{8EC5EBDF-784A-4BD7-8B57-19617CCA40B7}.Debug|Any CPU.ActiveCfg = Debug|Any CPU
		{8EC5EBDF-784A-4BD7-8B57-19617CCA40B7}.Debug|Any CPU.Build.0 = Debug|Any CPU
		{8EC5EBDF-784A-4BD7-8B57-19617CCA40B7}.Release|Any CPU.ActiveCfg = Release|Any CPU
		{8EC5EBDF-784A-4BD7-8B57-19617CCA40B7}.Release|Any CPU.Build.0 = Release|Any CPU
		{822F1D08-7368-4FF1-AA95-499D1366461C}.Debug|Any CPU.ActiveCfg = Debug|Any CPU
		{822F1D08-7368-4FF1-AA95-499D1366461C}.Debug|Any CPU.Build.0 = Debug|Any CPU
		{822F1D08-7368-4FF1-AA95-499D1366461C}.Release|Any CPU.ActiveCfg = Release|Any CPU
		{822F1D08-7368-4FF1-AA95-499D1366461C}.Release|Any CPU.Build.0 = Release|Any CPU
		{65E33B9B-D81F-4135-A1F3-39F6FF194E63}.Debug|Any CPU.ActiveCfg = Debug|Any CPU
		{65E33B9B-D81F-4135-A1F3-39F6FF194E63}.Debug|Any CPU.Build.0 = Debug|Any CPU
		{65E33B9B-D81F-4135-A1F3-39F6FF194E63}.Release|Any CPU.ActiveCfg = Release|Any CPU
		{65E33B9B-D81F-4135-A1F3-39F6FF194E63}.Release|Any CPU.Build.0 = Release|Any CPU
		{9053F1BD-BEB4-48C0-AFA3-D08E8773722A}.Debug|Any CPU.ActiveCfg = Debug|Any CPU
		{9053F1BD-BEB4-48C0-AFA3-D08E8773722A}.Debug|Any CPU.Build.0 = Debug|Any CPU
		{9053F1BD-BEB4-48C0-AFA3-D08E8773722A}.Release|Any CPU.ActiveCfg = Release|Any CPU
		{9053F1BD-BEB4-48C0-AFA3-D08E8773722A}.Release|Any CPU.Build.0 = Release|Any CPU
		{6B2E7645-C78E-4743-8F8D-1ACE0E7DC59B}.Debug|Any CPU.ActiveCfg = Debug|Any CPU
		{6B2E7645-C78E-4743-8F8D-1ACE0E7DC59B}.Debug|Any CPU.Build.0 = Debug|Any CPU
		{6B2E7645-C78E-4743-8F8D-1ACE0E7DC59B}.Release|Any CPU.ActiveCfg = Release|Any CPU
		{6B2E7645-C78E-4743-8F8D-1ACE0E7DC59B}.Release|Any CPU.Build.0 = Release|Any CPU
		{BA0C388F-8062-4D74-90F0-B6C0EA5F02C6}.Debug|Any CPU.ActiveCfg = Debug|Any CPU
		{BA0C388F-8062-4D74-90F0-B6C0EA5F02C6}.Debug|Any CPU.Build.0 = Debug|Any CPU
		{BA0C388F-8062-4D74-90F0-B6C0EA5F02C6}.Release|Any CPU.ActiveCfg = Release|Any CPU
		{BA0C388F-8062-4D74-90F0-B6C0EA5F02C6}.Release|Any CPU.Build.0 = Release|Any CPU
		{3ADCD140-B50B-48F5-BFDB-C53742517AAB}.Debug|Any CPU.ActiveCfg = Debug|Any CPU
		{3ADCD140-B50B-48F5-BFDB-C53742517AAB}.Debug|Any CPU.Build.0 = Debug|Any CPU
		{3ADCD140-B50B-48F5-BFDB-C53742517AAB}.Release|Any CPU.ActiveCfg = Release|Any CPU
		{3ADCD140-B50B-48F5-BFDB-C53742517AAB}.Release|Any CPU.Build.0 = Release|Any CPU
		{E7071642-8060-4C01-8401-7A6E559B5E9F}.Debug|Any CPU.ActiveCfg = Debug|Any CPU
		{E7071642-8060-4C01-8401-7A6E559B5E9F}.Debug|Any CPU.Build.0 = Debug|Any CPU
		{E7071642-8060-4C01-8401-7A6E559B5E9F}.Release|Any CPU.ActiveCfg = Release|Any CPU
		{E7071642-8060-4C01-8401-7A6E559B5E9F}.Release|Any CPU.Build.0 = Release|Any CPU
		{DEF87AA0-36B3-49D2-ABC8-6D7206503B79}.Debug|Any CPU.ActiveCfg = Debug|Any CPU
		{DEF87AA0-36B3-49D2-ABC8-6D7206503B79}.Debug|Any CPU.Build.0 = Debug|Any CPU
		{DEF87AA0-36B3-49D2-ABC8-6D7206503B79}.Release|Any CPU.ActiveCfg = Release|Any CPU
		{DEF87AA0-36B3-49D2-ABC8-6D7206503B79}.Release|Any CPU.Build.0 = Release|Any CPU
		{61B5EE2C-98BC-4403-878A-EE97516F32DE}.Debug|Any CPU.ActiveCfg = Debug|Any CPU
		{61B5EE2C-98BC-4403-878A-EE97516F32DE}.Debug|Any CPU.Build.0 = Debug|Any CPU
		{61B5EE2C-98BC-4403-878A-EE97516F32DE}.Release|Any CPU.ActiveCfg = Release|Any CPU
		{61B5EE2C-98BC-4403-878A-EE97516F32DE}.Release|Any CPU.Build.0 = Release|Any CPU
	EndGlobalSection
	GlobalSection(SolutionProperties) = preSolution
		HideSolutionNode = FALSE
	EndGlobalSection
	GlobalSection(ExtensibilityGlobals) = postSolution
		SolutionGuid = {01660960-ED53-49F3-ADAA-39268B377925}
	EndGlobalSection
EndGlobal
