
Microsoft Visual Studio Solution File, Format Version 12.00
# Visual Studio Version 17
VisualStudioVersion = 17.6.33723.286
MinimumVisualStudioVersion = 10.0.40219.1
Project("{9A19103F-16F7-4668-BE54-9A1E7A4F7556}") = "01 Esempio", "01 Esempio\01 Esempio.csproj", "{A08F63F6-8B7C-4858-B93F-F1F33381CAFC}"
EndProject
Project("{9A19103F-16F7-4668-BE54-9A1E7A4F7556}") = "1.12 Music Player", "1.12 Music Player\1.12 Music Player.csproj", "{373A9E7D-F730-441D-88D2-58B95760F7C7}"
EndProject
Project("{9A19103F-16F7-4668-BE54-9A1E7A4F7556}") = "2.0 Machere", "2.0 Machere\2.0 Machere.csproj", "{FA7FC61F-B497-4634-9573-BB74B99A87D5}"
EndProject
Project("{FAE04EC0-301F-11D3-BF4B-00C04F79EFBC}") = "MetroUI", "MetroUI\MetroUI.csproj", "{95C6B8A7-D9F4-4884-A73A-9669DA59779A}"
EndProject
Global
	GlobalSection(SolutionConfigurationPlatforms) = preSolution
		Debug|Any CPU = Debug|Any CPU
		Release|Any CPU = Release|Any CPU
	EndGlobalSection
	GlobalSection(ProjectConfigurationPlatforms) = postSolution
		{A08F63F6-8B7C-4858-B93F-F1F33381CAFC}.Debug|Any CPU.ActiveCfg = Debug|Any CPU
		{A08F63F6-8B7C-4858-B93F-F1F33381CAFC}.Debug|Any CPU.Build.0 = Debug|Any CPU
		{A08F63F6-8B7C-4858-B93F-F1F33381CAFC}.Release|Any CPU.ActiveCfg = Release|Any CPU
		{A08F63F6-8B7C-4858-B93F-F1F33381CAFC}.Release|Any CPU.Build.0 = Release|Any CPU
		{373A9E7D-F730-441D-88D2-58B95760F7C7}.Debug|Any CPU.ActiveCfg = Debug|Any CPU
		{373A9E7D-F730-441D-88D2-58B95760F7C7}.Debug|Any CPU.Build.0 = Debug|Any CPU
		{373A9E7D-F730-441D-88D2-58B95760F7C7}.Release|Any CPU.ActiveCfg = Release|Any CPU
		{373A9E7D-F730-441D-88D2-58B95760F7C7}.Release|Any CPU.Build.0 = Release|Any CPU
		{FA7FC61F-B497-4634-9573-BB74B99A87D5}.Debug|Any CPU.ActiveCfg = Debug|Any CPU
		{FA7FC61F-B497-4634-9573-BB74B99A87D5}.Debug|Any CPU.Build.0 = Debug|Any CPU
		{FA7FC61F-B497-4634-9573-BB74B99A87D5}.Release|Any CPU.ActiveCfg = Release|Any CPU
		{FA7FC61F-B497-4634-9573-BB74B99A87D5}.Release|Any CPU.Build.0 = Release|Any CPU
		{95C6B8A7-D9F4-4884-A73A-9669DA59779A}.Debug|Any CPU.ActiveCfg = Debug|Any CPU
		{95C6B8A7-D9F4-4884-A73A-9669DA59779A}.Debug|Any CPU.Build.0 = Debug|Any CPU
		{95C6B8A7-D9F4-4884-A73A-9669DA59779A}.Release|Any CPU.ActiveCfg = Release|Any CPU
		{95C6B8A7-D9F4-4884-A73A-9669DA59779A}.Release|Any CPU.Build.0 = Release|Any CPU
	EndGlobalSection
	GlobalSection(SolutionProperties) = preSolution
		HideSolutionNode = FALSE
	EndGlobalSection
	GlobalSection(ExtensibilityGlobals) = postSolution
		SolutionGuid = {D2A8FE89-62F3-4A79-ACAA-E08E6C066CB5}
	EndGlobalSection
EndGlobal
